// !$*UTF8*$!
{
	archiveVersion = 1;
	classes = {
	};
	objectVersion = 55;
	objects = {

/* Begin PBXBuildFile section */
		1D3F7B9E2794611000F58F22 /* AppDelegate.swift in Sources */ = {isa = PBXBuildFile; fileRef = 1D3F7B9D2794611000F58F22 /* AppDelegate.swift */; };
		1D3F7BA02794611000F58F22 /* SceneDelegate.swift in Sources */ = {isa = PBXBuildFile; fileRef = 1D3F7B9F2794611000F58F22 /* SceneDelegate.swift */; };
		1D3F7BA22794611000F58F22 /* ViewController.swift in Sources */ = {isa = PBXBuildFile; fileRef = 1D3F7BA12794611000F58F22 /* ViewController.swift */; };
		1D3F7BA52794611000F58F22 /* Main.storyboard in Resources */ = {isa = PBXBuildFile; fileRef = 1D3F7BA32794611000F58F22 /* Main.storyboard */; };
		1D3F7BA72794611200F58F22 /* Assets.xcassets in Resources */ = {isa = PBXBuildFile; fileRef = 1D3F7BA62794611200F58F22 /* Assets.xcassets */; };
		1D3F7BAA2794611200F58F22 /* LaunchScreen.storyboard in Resources */ = {isa = PBXBuildFile; fileRef = 1D3F7BA82794611200F58F22 /* LaunchScreen.storyboard */; };
		1D3F7BAF2794611200F58F22 /* 3.PickerPOC WatchKit App.app in Embed Watch Content */ = {isa = PBXBuildFile; fileRef = 1D3F7BAE2794611200F58F22 /* 3.PickerPOC WatchKit App.app */; settings = {ATTRIBUTES = (RemoveHeadersOnCopy, ); }; };
		1D3F7BB52794611200F58F22 /* Interface.storyboard in Resources */ = {isa = PBXBuildFile; fileRef = 1D3F7BB32794611200F58F22 /* Interface.storyboard */; };
		1D3F7BB72794611200F58F22 /* Assets.xcassets in Resources */ = {isa = PBXBuildFile; fileRef = 1D3F7BB62794611200F58F22 /* Assets.xcassets */; };
		1D3F7BBD2794611200F58F22 /* 3.PickerPOC WatchKit Extension.appex in Embed App Extensions */ = {isa = PBXBuildFile; fileRef = 1D3F7BBC2794611200F58F22 /* 3.PickerPOC WatchKit Extension.appex */; settings = {ATTRIBUTES = (RemoveHeadersOnCopy, ); }; };
		1D3F7BC22794611200F58F22 /* InterfaceController.swift in Sources */ = {isa = PBXBuildFile; fileRef = 1D3F7BC12794611200F58F22 /* InterfaceController.swift */; };
		1D3F7BC42794611200F58F22 /* ExtensionDelegate.swift in Sources */ = {isa = PBXBuildFile; fileRef = 1D3F7BC32794611200F58F22 /* ExtensionDelegate.swift */; };
		1D3F7BC62794611200F58F22 /* ComplicationController.swift in Sources */ = {isa = PBXBuildFile; fileRef = 1D3F7BC52794611200F58F22 /* ComplicationController.swift */; };
		1D3F7BC82794611300F58F22 /* Assets.xcassets in Resources */ = {isa = PBXBuildFile; fileRef = 1D3F7BC72794611300F58F22 /* Assets.xcassets */; };
		1D3F7BD92795518A00F58F22 /* MeatTemperature.swift in Sources */ = {isa = PBXBuildFile; fileRef = 1D3F7BD82795518A00F58F22 /* MeatTemperature.swift */; };
		1D3F7BDA2795518A00F58F22 /* MeatTemperature.swift in Sources */ = {isa = PBXBuildFile; fileRef = 1D3F7BD82795518A00F58F22 /* MeatTemperature.swift */; };
/* End PBXBuildFile section */

/* Begin PBXContainerItemProxy section */
		1D3F7BB02794611200F58F22 /* PBXContainerItemProxy */ = {
			isa = PBXContainerItemProxy;
			containerPortal = 1D3F7B922794611000F58F22 /* Project object */;
			proxyType = 1;
			remoteGlobalIDString = 1D3F7BAD2794611200F58F22;
			remoteInfo = "3.PickerPOC WatchKit App";
		};
		1D3F7BBE2794611200F58F22 /* PBXContainerItemProxy */ = {
			isa = PBXContainerItemProxy;
			containerPortal = 1D3F7B922794611000F58F22 /* Project object */;
			proxyType = 1;
			remoteGlobalIDString = 1D3F7BBB2794611200F58F22;
			remoteInfo = "3.PickerPOC WatchKit Extension";
		};
/* End PBXContainerItemProxy section */

/* Begin PBXCopyFilesBuildPhase section */
		1D3F7BCF2794611300F58F22 /* Embed App Extensions */ = {
			isa = PBXCopyFilesBuildPhase;
			buildActionMask = 2147483647;
			dstPath = "";
			dstSubfolderSpec = 13;
			files = (
				1D3F7BBD2794611200F58F22 /* 3.PickerPOC WatchKit Extension.appex in Embed App Extensions */,
			);
			name = "Embed App Extensions";
			runOnlyForDeploymentPostprocessing = 0;
		};
		1D3F7BD32794611300F58F22 /* Embed Watch Content */ = {
			isa = PBXCopyFilesBuildPhase;
			buildActionMask = 2147483647;
			dstPath = "$(CONTENTS_FOLDER_PATH)/Watch";
			dstSubfolderSpec = 16;
			files = (
				1D3F7BAF2794611200F58F22 /* 3.PickerPOC WatchKit App.app in Embed Watch Content */,
			);
			name = "Embed Watch Content";
			runOnlyForDeploymentPostprocessing = 0;
		};
/* End PBXCopyFilesBuildPhase section */

/* Begin PBXFileReference section */
		1D3F7B9A2794611000F58F22 /* 3.PickerPOC.app */ = {isa = PBXFileReference; explicitFileType = wrapper.application; includeInIndex = 0; path = 3.PickerPOC.app; sourceTree = BUILT_PRODUCTS_DIR; };
		1D3F7B9D2794611000F58F22 /* AppDelegate.swift */ = {isa = PBXFileReference; lastKnownFileType = sourcecode.swift; path = AppDelegate.swift; sourceTree = "<group>"; };
		1D3F7B9F2794611000F58F22 /* SceneDelegate.swift */ = {isa = PBXFileReference; lastKnownFileType = sourcecode.swift; path = SceneDelegate.swift; sourceTree = "<group>"; };
		1D3F7BA12794611000F58F22 /* ViewController.swift */ = {isa = PBXFileReference; lastKnownFileType = sourcecode.swift; path = ViewController.swift; sourceTree = "<group>"; };
		1D3F7BA42794611000F58F22 /* Base */ = {isa = PBXFileReference; lastKnownFileType = file.storyboard; name = Base; path = Base.lproj/Main.storyboard; sourceTree = "<group>"; };
		1D3F7BA62794611200F58F22 /* Assets.xcassets */ = {isa = PBXFileReference; lastKnownFileType = folder.assetcatalog; path = Assets.xcassets; sourceTree = "<group>"; };
		1D3F7BA92794611200F58F22 /* Base */ = {isa = PBXFileReference; lastKnownFileType = file.storyboard; name = Base; path = Base.lproj/LaunchScreen.storyboard; sourceTree = "<group>"; };
		1D3F7BAB2794611200F58F22 /* Info.plist */ = {isa = PBXFileReference; lastKnownFileType = text.plist.xml; path = Info.plist; sourceTree = "<group>"; };
		1D3F7BAE2794611200F58F22 /* 3.PickerPOC WatchKit App.app */ = {isa = PBXFileReference; explicitFileType = wrapper.application; includeInIndex = 0; path = "3.PickerPOC WatchKit App.app"; sourceTree = BUILT_PRODUCTS_DIR; };
		1D3F7BB42794611200F58F22 /* Base */ = {isa = PBXFileReference; lastKnownFileType = file.storyboard; name = Base; path = Base.lproj/Interface.storyboard; sourceTree = "<group>"; };
		1D3F7BB62794611200F58F22 /* Assets.xcassets */ = {isa = PBXFileReference; lastKnownFileType = folder.assetcatalog; path = Assets.xcassets; sourceTree = "<group>"; };
		1D3F7BBC2794611200F58F22 /* 3.PickerPOC WatchKit Extension.appex */ = {isa = PBXFileReference; explicitFileType = "wrapper.app-extension"; includeInIndex = 0; path = "3.PickerPOC WatchKit Extension.appex"; sourceTree = BUILT_PRODUCTS_DIR; };
		1D3F7BC12794611200F58F22 /* InterfaceController.swift */ = {isa = PBXFileReference; lastKnownFileType = sourcecode.swift; path = InterfaceController.swift; sourceTree = "<group>"; };
		1D3F7BC32794611200F58F22 /* ExtensionDelegate.swift */ = {isa = PBXFileReference; lastKnownFileType = sourcecode.swift; path = ExtensionDelegate.swift; sourceTree = "<group>"; };
		1D3F7BC52794611200F58F22 /* ComplicationController.swift */ = {isa = PBXFileReference; lastKnownFileType = sourcecode.swift; path = ComplicationController.swift; sourceTree = "<group>"; };
		1D3F7BC72794611300F58F22 /* Assets.xcassets */ = {isa = PBXFileReference; lastKnownFileType = folder.assetcatalog; path = Assets.xcassets; sourceTree = "<group>"; };
		1D3F7BC92794611300F58F22 /* Info.plist */ = {isa = PBXFileReference; lastKnownFileType = text.plist.xml; path = Info.plist; sourceTree = "<group>"; };
		1D3F7BD82795518A00F58F22 /* MeatTemperature.swift */ = {isa = PBXFileReference; lastKnownFileType = sourcecode.swift; path = MeatTemperature.swift; sourceTree = "<group>"; };
/* End PBXFileReference section */

/* Begin PBXFrameworksBuildPhase section */
		1D3F7B972794611000F58F22 /* Frameworks */ = {
			isa = PBXFrameworksBuildPhase;
			buildActionMask = 2147483647;
			files = (
			);
			runOnlyForDeploymentPostprocessing = 0;
		};
		1D3F7BB92794611200F58F22 /* Frameworks */ = {
			isa = PBXFrameworksBuildPhase;
			buildActionMask = 2147483647;
			files = (
			);
			runOnlyForDeploymentPostprocessing = 0;
		};
/* End PBXFrameworksBuildPhase section */

/* Begin PBXGroup section */
		1D3F7B912794611000F58F22 = {
			isa = PBXGroup;
			children = (
				1D3F7BD72794632800F58F22 /* Models */,
				1D3F7B9C2794611000F58F22 /* 3.PickerPOC */,
				1D3F7BB22794611200F58F22 /* 3.PickerPOC WatchKit App */,
				1D3F7BC02794611200F58F22 /* 3.PickerPOC WatchKit Extension */,
				1D3F7B9B2794611000F58F22 /* Products */,
			);
			sourceTree = "<group>";
		};
		1D3F7B9B2794611000F58F22 /* Products */ = {
			isa = PBXGroup;
			children = (
				1D3F7B9A2794611000F58F22 /* 3.PickerPOC.app */,
				1D3F7BAE2794611200F58F22 /* 3.PickerPOC WatchKit App.app */,
				1D3F7BBC2794611200F58F22 /* 3.PickerPOC WatchKit Extension.appex */,
			);
			name = Products;
			sourceTree = "<group>";
		};
		1D3F7B9C2794611000F58F22 /* 3.PickerPOC */ = {
			isa = PBXGroup;
			children = (
				1D3F7B9D2794611000F58F22 /* AppDelegate.swift */,
				1D3F7B9F2794611000F58F22 /* SceneDelegate.swift */,
				1D3F7BA12794611000F58F22 /* ViewController.swift */,
				1D3F7BA32794611000F58F22 /* Main.storyboard */,
				1D3F7BA62794611200F58F22 /* Assets.xcassets */,
				1D3F7BA82794611200F58F22 /* LaunchScreen.storyboard */,
				1D3F7BAB2794611200F58F22 /* Info.plist */,
			);
			path = 3.PickerPOC;
			sourceTree = "<group>";
		};
		1D3F7BB22794611200F58F22 /* 3.PickerPOC WatchKit App */ = {
			isa = PBXGroup;
			children = (
				1D3F7BB32794611200F58F22 /* Interface.storyboard */,
				1D3F7BB62794611200F58F22 /* Assets.xcassets */,
			);
			path = "3.PickerPOC WatchKit App";
			sourceTree = "<group>";
		};
		1D3F7BC02794611200F58F22 /* 3.PickerPOC WatchKit Extension */ = {
			isa = PBXGroup;
			children = (
				1D3F7BC12794611200F58F22 /* InterfaceController.swift */,
				1D3F7BC32794611200F58F22 /* ExtensionDelegate.swift */,
				1D3F7BC52794611200F58F22 /* ComplicationController.swift */,
				1D3F7BC72794611300F58F22 /* Assets.xcassets */,
				1D3F7BC92794611300F58F22 /* Info.plist */,
			);
			path = "3.PickerPOC WatchKit Extension";
			sourceTree = "<group>";
		};
		1D3F7BD72794632800F58F22 /* Models */ = {
			isa = PBXGroup;
			children = (
				1D3F7BD82795518A00F58F22 /* MeatTemperature.swift */,
			);
			path = Models;
			sourceTree = "<group>";
		};
/* End PBXGroup section */

/* Begin PBXNativeTarget section */
		1D3F7B992794611000F58F22 /* 3.PickerPOC */ = {
			isa = PBXNativeTarget;
			buildConfigurationList = 1D3F7BD42794611300F58F22 /* Build configuration list for PBXNativeTarget "3.PickerPOC" */;
			buildPhases = (
				1D3F7B962794611000F58F22 /* Sources */,
				1D3F7B972794611000F58F22 /* Frameworks */,
				1D3F7B982794611000F58F22 /* Resources */,
				1D3F7BD32794611300F58F22 /* Embed Watch Content */,
			);
			buildRules = (
			);
			dependencies = (
				1D3F7BB12794611200F58F22 /* PBXTargetDependency */,
			);
			name = 3.PickerPOC;
			productName = 3.PickerPOC;
			productReference = 1D3F7B9A2794611000F58F22 /* 3.PickerPOC.app */;
			productType = "com.apple.product-type.application";
		};
		1D3F7BAD2794611200F58F22 /* 3.PickerPOC WatchKit App */ = {
			isa = PBXNativeTarget;
			buildConfigurationList = 1D3F7BD02794611300F58F22 /* Build configuration list for PBXNativeTarget "3.PickerPOC WatchKit App" */;
			buildPhases = (
				1D3F7BAC2794611200F58F22 /* Resources */,
				1D3F7BCF2794611300F58F22 /* Embed App Extensions */,
			);
			buildRules = (
			);
			dependencies = (
				1D3F7BBF2794611200F58F22 /* PBXTargetDependency */,
			);
			name = "3.PickerPOC WatchKit App";
			productName = "3.PickerPOC WatchKit App";
			productReference = 1D3F7BAE2794611200F58F22 /* 3.PickerPOC WatchKit App.app */;
			productType = "com.apple.product-type.application.watchapp2";
		};
		1D3F7BBB2794611200F58F22 /* 3.PickerPOC WatchKit Extension */ = {
			isa = PBXNativeTarget;
			buildConfigurationList = 1D3F7BCC2794611300F58F22 /* Build configuration list for PBXNativeTarget "3.PickerPOC WatchKit Extension" */;
			buildPhases = (
				1D3F7BB82794611200F58F22 /* Sources */,
				1D3F7BB92794611200F58F22 /* Frameworks */,
				1D3F7BBA2794611200F58F22 /* Resources */,
			);
			buildRules = (
			);
			dependencies = (
			);
			name = "3.PickerPOC WatchKit Extension";
			productName = "3.PickerPOC WatchKit Extension";
			productReference = 1D3F7BBC2794611200F58F22 /* 3.PickerPOC WatchKit Extension.appex */;
			productType = "com.apple.product-type.watchkit2-extension";
		};
/* End PBXNativeTarget section */

/* Begin PBXProject section */
		1D3F7B922794611000F58F22 /* Project object */ = {
			isa = PBXProject;
			attributes = {
				BuildIndependentTargetsInParallel = 1;
				LastSwiftUpdateCheck = 1320;
				LastUpgradeCheck = 1320;
				TargetAttributes = {
					1D3F7B992794611000F58F22 = {
						CreatedOnToolsVersion = 13.2.1;
					};
					1D3F7BAD2794611200F58F22 = {
						CreatedOnToolsVersion = 13.2.1;
					};
					1D3F7BBB2794611200F58F22 = {
						CreatedOnToolsVersion = 13.2.1;
					};
				};
			};
			buildConfigurationList = 1D3F7B952794611000F58F22 /* Build configuration list for PBXProject "3.PickerPOC" */;
			compatibilityVersion = "Xcode 13.0";
			developmentRegion = en;
			hasScannedForEncodings = 0;
			knownRegions = (
				en,
				Base,
			);
			mainGroup = 1D3F7B912794611000F58F22;
			productRefGroup = 1D3F7B9B2794611000F58F22 /* Products */;
			projectDirPath = "";
			projectRoot = "";
			targets = (
				1D3F7B992794611000F58F22 /* 3.PickerPOC */,
				1D3F7BAD2794611200F58F22 /* 3.PickerPOC WatchKit App */,
				1D3F7BBB2794611200F58F22 /* 3.PickerPOC WatchKit Extension */,
			);
		};
/* End PBXProject section */

/* Begin PBXResourcesBuildPhase section */
		1D3F7B982794611000F58F22 /* Resources */ = {
			isa = PBXResourcesBuildPhase;
			buildActionMask = 2147483647;
			files = (
				1D3F7BAA2794611200F58F22 /* LaunchScreen.storyboard in Resources */,
				1D3F7BA72794611200F58F22 /* Assets.xcassets in Resources */,
				1D3F7BA52794611000F58F22 /* Main.storyboard in Resources */,
			);
			runOnlyForDeploymentPostprocessing = 0;
		};
		1D3F7BAC2794611200F58F22 /* Resources */ = {
			isa = PBXResourcesBuildPhase;
			buildActionMask = 2147483647;
			files = (
				1D3F7BB72794611200F58F22 /* Assets.xcassets in Resources */,
				1D3F7BB52794611200F58F22 /* Interface.storyboard in Resources */,
			);
			runOnlyForDeploymentPostprocessing = 0;
		};
		1D3F7BBA2794611200F58F22 /* Resources */ = {
			isa = PBXResourcesBuildPhase;
			buildActionMask = 2147483647;
			files = (
				1D3F7BC82794611300F58F22 /* Assets.xcassets in Resources */,
			);
			runOnlyForDeploymentPostprocessing = 0;
		};
/* End PBXResourcesBuildPhase section */

/* Begin PBXSourcesBuildPhase section */
		1D3F7B962794611000F58F22 /* Sources */ = {
			isa = PBXSourcesBuildPhase;
			buildActionMask = 2147483647;
			files = (
				1D3F7BA22794611000F58F22 /* ViewController.swift in Sources */,
				1D3F7BD92795518A00F58F22 /* MeatTemperature.swift in Sources */,
				1D3F7B9E2794611000F58F22 /* AppDelegate.swift in Sources */,
				1D3F7BA02794611000F58F22 /* SceneDelegate.swift in Sources */,
			);
			runOnlyForDeploymentPostprocessing = 0;
		};
		1D3F7BB82794611200F58F22 /* Sources */ = {
			isa = PBXSourcesBuildPhase;
			buildActionMask = 2147483647;
			files = (
				1D3F7BC42794611200F58F22 /* ExtensionDelegate.swift in Sources */,
				1D3F7BDA2795518A00F58F22 /* MeatTemperature.swift in Sources */,
				1D3F7BC22794611200F58F22 /* InterfaceController.swift in Sources */,
				1D3F7BC62794611200F58F22 /* ComplicationController.swift in Sources */,
			);
			runOnlyForDeploymentPostprocessing = 0;
		};
/* End PBXSourcesBuildPhase section */

/* Begin PBXTargetDependency section */
		1D3F7BB12794611200F58F22 /* PBXTargetDependency */ = {
			isa = PBXTargetDependency;
			target = 1D3F7BAD2794611200F58F22 /* 3.PickerPOC WatchKit App */;
			targetProxy = 1D3F7BB02794611200F58F22 /* PBXContainerItemProxy */;
		};
		1D3F7BBF2794611200F58F22 /* PBXTargetDependency */ = {
			isa = PBXTargetDependency;
			target = 1D3F7BBB2794611200F58F22 /* 3.PickerPOC WatchKit Extension */;
			targetProxy = 1D3F7BBE2794611200F58F22 /* PBXContainerItemProxy */;
		};
/* End PBXTargetDependency section */

/* Begin PBXVariantGroup section */
		1D3F7BA32794611000F58F22 /* Main.storyboard */ = {
			isa = PBXVariantGroup;
			children = (
				1D3F7BA42794611000F58F22 /* Base */,
			);
			name = Main.storyboard;
			sourceTree = "<group>";
		};
		1D3F7BA82794611200F58F22 /* LaunchScreen.storyboard */ = {
			isa = PBXVariantGroup;
			children = (
				1D3F7BA92794611200F58F22 /* Base */,
			);
			name = LaunchScreen.storyboard;
			sourceTree = "<group>";
		};
		1D3F7BB32794611200F58F22 /* Interface.storyboard */ = {
			isa = PBXVariantGroup;
			children = (
				1D3F7BB42794611200F58F22 /* Base */,
			);
			name = Interface.storyboard;
			sourceTree = "<group>";
		};
/* End PBXVariantGroup section */

/* Begin XCBuildConfiguration section */
		1D3F7BCA2794611300F58F22 /* Debug */ = {
			isa = XCBuildConfiguration;
			buildSettings = {
				ALWAYS_SEARCH_USER_PATHS = NO;
				CLANG_ANALYZER_NONNULL = YES;
				CLANG_ANALYZER_NUMBER_OBJECT_CONVERSION = YES_AGGRESSIVE;
				CLANG_CXX_LANGUAGE_STANDARD = "gnu++17";
				CLANG_CXX_LIBRARY = "libc++";
				CLANG_ENABLE_MODULES = YES;
				CLANG_ENABLE_OBJC_ARC = YES;
				CLANG_ENABLE_OBJC_WEAK = YES;
				CLANG_WARN_BLOCK_CAPTURE_AUTORELEASING = YES;
				CLANG_WARN_BOOL_CONVERSION = YES;
				CLANG_WARN_COMMA = YES;
				CLANG_WARN_CONSTANT_CONVERSION = YES;
				CLANG_WARN_DEPRECATED_OBJC_IMPLEMENTATIONS = YES;
				CLANG_WARN_DIRECT_OBJC_ISA_USAGE = YES_ERROR;
				CLANG_WARN_DOCUMENTATION_COMMENTS = YES;
				CLANG_WARN_EMPTY_BODY = YES;
				CLANG_WARN_ENUM_CONVERSION = YES;
				CLANG_WARN_INFINITE_RECURSION = YES;
				CLANG_WARN_INT_CONVERSION = YES;
				CLANG_WARN_NON_LITERAL_NULL_CONVERSION = YES;
				CLANG_WARN_OBJC_IMPLICIT_RETAIN_SELF = YES;
				CLANG_WARN_OBJC_LITERAL_CONVERSION = YES;
				CLANG_WARN_OBJC_ROOT_CLASS = YES_ERROR;
				CLANG_WARN_QUOTED_INCLUDE_IN_FRAMEWORK_HEADER = YES;
				CLANG_WARN_RANGE_LOOP_ANALYSIS = YES;
				CLANG_WARN_STRICT_PROTOTYPES = YES;
				CLANG_WARN_SUSPICIOUS_MOVE = YES;
				CLANG_WARN_UNGUARDED_AVAILABILITY = YES_AGGRESSIVE;
				CLANG_WARN_UNREACHABLE_CODE = YES;
				CLANG_WARN__DUPLICATE_METHOD_MATCH = YES;
				COPY_PHASE_STRIP = NO;
				DEBUG_INFORMATION_FORMAT = dwarf;
				ENABLE_STRICT_OBJC_MSGSEND = YES;
				ENABLE_TESTABILITY = YES;
				GCC_C_LANGUAGE_STANDARD = gnu11;
				GCC_DYNAMIC_NO_PIC = NO;
				GCC_NO_COMMON_BLOCKS = YES;
				GCC_OPTIMIZATION_LEVEL = 0;
				GCC_PREPROCESSOR_DEFINITIONS = (
					"DEBUG=1",
					"$(inherited)",
				);
				GCC_WARN_64_TO_32_BIT_CONVERSION = YES;
				GCC_WARN_ABOUT_RETURN_TYPE = YES_ERROR;
				GCC_WARN_UNDECLARED_SELECTOR = YES;
				GCC_WARN_UNINITIALIZED_AUTOS = YES_AGGRESSIVE;
				GCC_WARN_UNUSED_FUNCTION = YES;
				GCC_WARN_UNUSED_VARIABLE = YES;
				MTL_ENABLE_DEBUG_INFO = INCLUDE_SOURCE;
				MTL_FAST_MATH = YES;
				ONLY_ACTIVE_ARCH = YES;
				SWIFT_ACTIVE_COMPILATION_CONDITIONS = DEBUG;
				SWIFT_OPTIMIZATION_LEVEL = "-Onone";
			};
			name = Debug;
		};
		1D3F7BCB2794611300F58F22 /* Release */ = {
			isa = XCBuildConfiguration;
			buildSettings = {
				ALWAYS_SEARCH_USER_PATHS = NO;
				CLANG_ANALYZER_NONNULL = YES;
				CLANG_ANALYZER_NUMBER_OBJECT_CONVERSION = YES_AGGRESSIVE;
				CLANG_CXX_LANGUAGE_STANDARD = "gnu++17";
				CLANG_CXX_LIBRARY = "libc++";
				CLANG_ENABLE_MODULES = YES;
				CLANG_ENABLE_OBJC_ARC = YES;
				CLANG_ENABLE_OBJC_WEAK = YES;
				CLANG_WARN_BLOCK_CAPTURE_AUTORELEASING = YES;
				CLANG_WARN_BOOL_CONVERSION = YES;
				CLANG_WARN_COMMA = YES;
				CLANG_WARN_CONSTANT_CONVERSION = YES;
				CLANG_WARN_DEPRECATED_OBJC_IMPLEMENTATIONS = YES;
				CLANG_WARN_DIRECT_OBJC_ISA_USAGE = YES_ERROR;
				CLANG_WARN_DOCUMENTATION_COMMENTS = YES;
				CLANG_WARN_EMPTY_BODY = YES;
				CLANG_WARN_ENUM_CONVERSION = YES;
				CLANG_WARN_INFINITE_RECURSION = YES;
				CLANG_WARN_INT_CONVERSION = YES;
				CLANG_WARN_NON_LITERAL_NULL_CONVERSION = YES;
				CLANG_WARN_OBJC_IMPLICIT_RETAIN_SELF = YES;
				CLANG_WARN_OBJC_LITERAL_CONVERSION = YES;
				CLANG_WARN_OBJC_ROOT_CLASS = YES_ERROR;
				CLANG_WARN_QUOTED_INCLUDE_IN_FRAMEWORK_HEADER = YES;
				CLANG_WARN_RANGE_LOOP_ANALYSIS = YES;
				CLANG_WARN_STRICT_PROTOTYPES = YES;
				CLANG_WARN_SUSPICIOUS_MOVE = YES;
				CLANG_WARN_UNGUARDED_AVAILABILITY = YES_AGGRESSIVE;
				CLANG_WARN_UNREACHABLE_CODE = YES;
				CLANG_WARN__DUPLICATE_METHOD_MATCH = YES;
				COPY_PHASE_STRIP = NO;
				DEBUG_INFORMATION_FORMAT = "dwarf-with-dsym";
				ENABLE_NS_ASSERTIONS = NO;
				ENABLE_STRICT_OBJC_MSGSEND = YES;
				GCC_C_LANGUAGE_STANDARD = gnu11;
				GCC_NO_COMMON_BLOCKS = YES;
				GCC_WARN_64_TO_32_BIT_CONVERSION = YES;
				GCC_WARN_ABOUT_RETURN_TYPE = YES_ERROR;
				GCC_WARN_UNDECLARED_SELECTOR = YES;
				GCC_WARN_UNINITIALIZED_AUTOS = YES_AGGRESSIVE;
				GCC_WARN_UNUSED_FUNCTION = YES;
				GCC_WARN_UNUSED_VARIABLE = YES;
				MTL_ENABLE_DEBUG_INFO = NO;
				MTL_FAST_MATH = YES;
				SWIFT_COMPILATION_MODE = wholemodule;
				SWIFT_OPTIMIZATION_LEVEL = "-O";
			};
			name = Release;
		};
		1D3F7BCD2794611300F58F22 /* Debug */ = {
			isa = XCBuildConfiguration;
			buildSettings = {
				ASSETCATALOG_COMPILER_COMPLICATION_NAME = Complication;
				CODE_SIGN_STYLE = Automatic;
				CURRENT_PROJECT_VERSION = 1;
				DEVELOPMENT_TEAM = MM2C8HD34J;
				GENERATE_INFOPLIST_FILE = YES;
				INFOPLIST_FILE = "3.PickerPOC WatchKit Extension/Info.plist";
				INFOPLIST_KEY_CFBundleDisplayName = "3.PickerPOC WatchKit Extension";
				INFOPLIST_KEY_CLKComplicationPrincipalClass = "$(PRODUCT_MODULE_NAME).ComplicationController";
				INFOPLIST_KEY_NSHumanReadableCopyright = "";
				INFOPLIST_KEY_WKExtensionDelegateClassName = "$(PRODUCT_MODULE_NAME).ExtensionDelegate";
				INFOPLIST_KEY_WKRunsIndependentlyOfCompanionApp = YES;
				LD_RUNPATH_SEARCH_PATHS = (
					"$(inherited)",
					"@executable_path/Frameworks",
					"@executable_path/../../Frameworks",
				);
				MARKETING_VERSION = 1.0;
				PRODUCT_BUNDLE_IDENTIFIER = "mdt.--PickerPOC.watchkitapp.watchkitextension";
				PRODUCT_NAME = "${TARGET_NAME}";
				SDKROOT = watchos;
				SKIP_INSTALL = YES;
				SWIFT_EMIT_LOC_STRINGS = YES;
				SWIFT_VERSION = 5.0;
				TARGETED_DEVICE_FAMILY = 4;
				WATCHOS_DEPLOYMENT_TARGET = 8.3;
			};
			name = Debug;
		};
		1D3F7BCE2794611300F58F22 /* Release */ = {
			isa = XCBuildConfiguration;
			buildSettings = {
				ASSETCATALOG_COMPILER_COMPLICATION_NAME = Complication;
				CODE_SIGN_STYLE = Automatic;
				CURRENT_PROJECT_VERSION = 1;
				DEVELOPMENT_TEAM = MM2C8HD34J;
				GENERATE_INFOPLIST_FILE = YES;
				INFOPLIST_FILE = "3.PickerPOC WatchKit Extension/Info.plist";
				INFOPLIST_KEY_CFBundleDisplayName = "3.PickerPOC WatchKit Extension";
				INFOPLIST_KEY_CLKComplicationPrincipalClass = "$(PRODUCT_MODULE_NAME).ComplicationController";
				INFOPLIST_KEY_NSHumanReadableCopyright = "";
				INFOPLIST_KEY_WKExtensionDelegateClassName = "$(PRODUCT_MODULE_NAME).ExtensionDelegate";
				INFOPLIST_KEY_WKRunsIndependentlyOfCompanionApp = YES;
				LD_RUNPATH_SEARCH_PATHS = (
					"$(inherited)",
					"@executable_path/Frameworks",
					"@executable_path/../../Frameworks",
				);
				MARKETING_VERSION = 1.0;
				PRODUCT_BUNDLE_IDENTIFIER = "mdt.--PickerPOC.watchkitapp.watchkitextension";
				PRODUCT_NAME = "${TARGET_NAME}";
				SDKROOT = watchos;
				SKIP_INSTALL = YES;
				SWIFT_EMIT_LOC_STRINGS = YES;
				SWIFT_VERSION = 5.0;
				TARGETED_DEVICE_FAMILY = 4;
				VALIDATE_PRODUCT = YES;
				WATCHOS_DEPLOYMENT_TARGET = 8.3;
			};
			name = Release;
		};
		1D3F7BD12794611300F58F22 /* Debug */ = {
			isa = XCBuildConfiguration;
			buildSettings = {
				ALWAYS_EMBED_SWIFT_STANDARD_LIBRARIES = YES;
				ASSETCATALOG_COMPILER_APPICON_NAME = AppIcon;
				ASSETCATALOG_COMPILER_GLOBAL_ACCENT_COLOR_NAME = AccentColor;
				CODE_SIGN_STYLE = Automatic;
				CURRENT_PROJECT_VERSION = 1;
				DEVELOPMENT_TEAM = MM2C8HD34J;
				GENERATE_INFOPLIST_FILE = YES;
				IBSC_MODULE = __PickerPOC_WatchKit_Extension;
				INFOPLIST_KEY_CFBundleDisplayName = "3.PickerPOC WatchKit App";
				INFOPLIST_KEY_UISupportedInterfaceOrientations = "UIInterfaceOrientationPortrait UIInterfaceOrientationPortraitUpsideDown";
				INFOPLIST_KEY_WKCompanionAppBundleIdentifier = "mdt.--PickerPOC";
				MARKETING_VERSION = 1.0;
				PRODUCT_BUNDLE_IDENTIFIER = "mdt.--PickerPOC.watchkitapp";
				PRODUCT_NAME = "$(TARGET_NAME)";
				SDKROOT = watchos;
				SKIP_INSTALL = YES;
				SWIFT_EMIT_LOC_STRINGS = YES;
				SWIFT_VERSION = 5.0;
				TARGETED_DEVICE_FAMILY = 4;
				WATCHOS_DEPLOYMENT_TARGET = 8.3;
			};
			name = Debug;
		};
		1D3F7BD22794611300F58F22 /* Release */ = {
			isa = XCBuildConfiguration;
			buildSettings = {
				ALWAYS_EMBED_SWIFT_STANDARD_LIBRARIES = YES;
				ASSETCATALOG_COMPILER_APPICON_NAME = AppIcon;
				ASSETCATALOG_COMPILER_GLOBAL_ACCENT_COLOR_NAME = AccentColor;
				CODE_SIGN_STYLE = Automatic;
				CURRENT_PROJECT_VERSION = 1;
				DEVELOPMENT_TEAM = MM2C8HD34J;
				GENERATE_INFOPLIST_FILE = YES;
				IBSC_MODULE = __PickerPOC_WatchKit_Extension;
				INFOPLIST_KEY_CFBundleDisplayName = "3.PickerPOC WatchKit App";
				INFOPLIST_KEY_UISupportedInterfaceOrientations = "UIInterfaceOrientationPortrait UIInterfaceOrientationPortraitUpsideDown";
				INFOPLIST_KEY_WKCompanionAppBundleIdentifier = "mdt.--PickerPOC";
				MARKETING_VERSION = 1.0;
				PRODUCT_BUNDLE_IDENTIFIER = "mdt.--PickerPOC.watchkitapp";
				PRODUCT_NAME = "$(TARGET_NAME)";
				SDKROOT = watchos;
				SKIP_INSTALL = YES;
				SWIFT_EMIT_LOC_STRINGS = YES;
				SWIFT_VERSION = 5.0;
				TARGETED_DEVICE_FAMILY = 4;
				VALIDATE_PRODUCT = YES;
				WATCHOS_DEPLOYMENT_TARGET = 8.3;
			};
			name = Release;
		};
		1D3F7BD52794611300F58F22 /* Debug */ = {
			isa = XCBuildConfiguration;
			buildSettings = {
				ASSETCATALOG_COMPILER_APPICON_NAME = AppIcon;
				ASSETCATALOG_COMPILER_GLOBAL_ACCENT_COLOR_NAME = AccentColor;
				CODE_SIGN_STYLE = Automatic;
				CURRENT_PROJECT_VERSION = 1;
				DEVELOPMENT_TEAM = MM2C8HD34J;
				GENERATE_INFOPLIST_FILE = YES;
				INFOPLIST_FILE = 3.PickerPOC/Info.plist;
				INFOPLIST_KEY_UIApplicationSupportsIndirectInputEvents = YES;
				INFOPLIST_KEY_UILaunchStoryboardName = LaunchScreen;
				INFOPLIST_KEY_UIMainStoryboardFile = Main;
				INFOPLIST_KEY_UISupportedInterfaceOrientations_iPad = "UIInterfaceOrientationPortrait UIInterfaceOrientationPortraitUpsideDown UIInterfaceOrientationLandscapeLeft UIInterfaceOrientationLandscapeRight";
				INFOPLIST_KEY_UISupportedInterfaceOrientations_iPhone = "UIInterfaceOrientationPortrait UIInterfaceOrientationLandscapeLeft UIInterfaceOrientationLandscapeRight";
				IPHONEOS_DEPLOYMENT_TARGET = 15.2;
				LD_RUNPATH_SEARCH_PATHS = (
					"$(inherited)",
					"@executable_path/Frameworks",
				);
				MARKETING_VERSION = 1.0;
				PRODUCT_BUNDLE_IDENTIFIER = "mdt.--PickerPOC";
				PRODUCT_NAME = "$(TARGET_NAME)";
				SDKROOT = iphoneos;
				SWIFT_EMIT_LOC_STRINGS = YES;
				SWIFT_VERSION = 5.0;
				TARGETED_DEVICE_FAMILY = "1,2";
			};
			name = Debug;
		};
		1D3F7BD62794611300F58F22 /* Release */ = {
			isa = XCBuildConfiguration;
			buildSettings = {
				ASSETCATALOG_COMPILER_APPICON_NAME = AppIcon;
				ASSETCATALOG_COMPILER_GLOBAL_ACCENT_COLOR_NAME = AccentColor;
				CODE_SIGN_STYLE = Automatic;
				CURRENT_PROJECT_VERSION = 1;
				DEVELOPMENT_TEAM = MM2C8HD34J;
				GENERATE_INFOPLIST_FILE = YES;
				INFOPLIST_FILE = 3.PickerPOC/Info.plist;
				INFOPLIST_KEY_UIApplicationSupportsIndirectInputEvents = YES;
				INFOPLIST_KEY_UILaunchStoryboardName = LaunchScreen;
				INFOPLIST_KEY_UIMainStoryboardFile = Main;
				INFOPLIST_KEY_UISupportedInterfaceOrientations_iPad = "UIInterfaceOrientationPortrait UIInterfaceOrientationPortraitUpsideDown UIInterfaceOrientationLandscapeLeft UIInterfaceOrientationLandscapeRight";
				INFOPLIST_KEY_UISupportedInterfaceOrientations_iPhone = "UIInterfaceOrientationPortrait UIInterfaceOrientationLandscapeLeft UIInterfaceOrientationLandscapeRight";
				IPHONEOS_DEPLOYMENT_TARGET = 15.2;
				LD_RUNPATH_SEARCH_PATHS = (
					"$(inherited)",
					"@executable_path/Frameworks",
				);
				MARKETING_VERSION = 1.0;
				PRODUCT_BUNDLE_IDENTIFIER = "mdt.--PickerPOC";
				PRODUCT_NAME = "$(TARGET_NAME)";
				SDKROOT = iphoneos;
				SWIFT_EMIT_LOC_STRINGS = YES;
				SWIFT_VERSION = 5.0;
				TARGETED_DEVICE_FAMILY = "1,2";
				VALIDATE_PRODUCT = YES;
			};
			name = Release;
		};
/* End XCBuildConfiguration section */

/* Begin XCConfigurationList section */
		1D3F7B952794611000F58F22 /* Build configuration list for PBXProject "3.PickerPOC" */ = {
			isa = XCConfigurationList;
			buildConfigurations = (
				1D3F7BCA2794611300F58F22 /* Debug */,
				1D3F7BCB2794611300F58F22 /* Release */,
			);
			defaultConfigurationIsVisible = 0;
			defaultConfigurationName = Release;
		};
		1D3F7BCC2794611300F58F22 /* Build configuration list for PBXNativeTarget "3.PickerPOC WatchKit Extension" */ = {
			isa = XCConfigurationList;
			buildConfigurations = (
				1D3F7BCD2794611300F58F22 /* Debug */,
				1D3F7BCE2794611300F58F22 /* Release */,
			);
			defaultConfigurationIsVisible = 0;
			defaultConfigurationName = Release;
		};
		1D3F7BD02794611300F58F22 /* Build configuration list for PBXNativeTarget "3.PickerPOC WatchKit App" */ = {
			isa = XCConfigurationList;
			buildConfigurations = (
				1D3F7BD12794611300F58F22 /* Debug */,
				1D3F7BD22794611300F58F22 /* Release */,
			);
			defaultConfigurationIsVisible = 0;
			defaultConfigurationName = Release;
		};
		1D3F7BD42794611300F58F22 /* Build configuration list for PBXNativeTarget "3.PickerPOC" */ = {
			isa = XCConfigurationList;
			buildConfigurations = (
				1D3F7BD52794611300F58F22 /* Debug */,
				1D3F7BD62794611300F58F22 /* Release */,
			);
			defaultConfigurationIsVisible = 0;
			defaultConfigurationName = Release;
		};
/* End XCConfigurationList section */
	};
	rootObject = 1D3F7B922794611000F58F22 /* Project object */;
}
